<?xml version="1.0" encoding="utf-8"?>
<Project ToolsVersion="4.0" xmlns="http://schemas.microsoft.com/developer/msbuild/2003">
  <ItemGroup>
    <Filter Include="Jugadores">
      <UniqueIdentifier>{A1B2C3D4-0001-0001-0001-000000000001}</UniqueIdentifier>
    </Filter>
    <Filter Include="Tipos">
      <UniqueIdentifier>{A1B2C3D4-0002-0002-0002-000000000002}</UniqueIdentifier>
    </Filter>
    <Filter Include="Mundo">
      <UniqueIdentifier>{A1B2C3D4-0003-0003-0003-000000000003}</UniqueIdentifier>
    </Filter>
    <Filter Include="Arena">
      <UniqueIdentifier>{A1B2C3D4-0004-0004-0004-000000000004}</UniqueIdentifier>
    </Filter>
    <Filter Include="Sistema">
      <UniqueIdentifier>{A1B2C3D4-0005-0005-0005-000000000005}</UniqueIdentifier>
    </Filter>
    <Filter Include="Interfaz">
      <UniqueIdentifier>{A1B2C3D4-0006-0006-0006-000000000006}</UniqueIdentifier>
    </Filter>
    <Filter Include="Conjuros">
      <UniqueIdentifier>{A1B2C3D4-0007-0007-0007-000000000007}</UniqueIdentifier>
    </Filter>
    <Filter Include="Pantallas">
      <UniqueIdentifier>{A1B2C3D4-0008-0008-0008-000000000008}</UniqueIdentifier>
    </Filter>
  </ItemGroup>
  <ItemGroup>
    <ClCompile Include="src\jugador.cpp">      <Filter>Jugadores</Filter> </ClCompile>
    <ClCompile Include="src\central.cpp">      <Filter>Jugadores</Filter> </ClCompile>
    <ClCompile Include="src\centrocampista.cpp"><Filter>Jugadores</Filter> </ClCompile>
    <ClCompile Include="src\delantero.cpp">    <Filter>Jugadores</Filter> </ClCompile>
    <ClCompile Include="src\extremo.cpp">      <Filter>Jugadores</Filter> </ClCompile>
    <ClCompile Include="src\lateral.cpp">      <Filter>Jugadores</Filter> </ClCompile>
    <ClCompile Include="src\mediapunta.cpp">   <Filter>Jugadores</Filter> </ClCompile>
    <ClCompile Include="src\portero.cpp">      <Filter>Jugadores</Filter> </ClCompile>
    <ClCompile Include="src\entrenador.cpp">   <Filter>Jugadores</Filter> </ClCompile>
    <ClCompile Include="src\hechicero.cpp">    <Filter>Tipos</Filter>     </ClCompile>
    <ClCompile Include="src\mundo.cpp">        <Filter>Mundo</Filter>     </ClCompile>
    <ClCompile Include="src\tablero.cpp">      <Filter>Mundo</Filter>     </ClCompile>
    <ClCompile Include="src\casilla.cpp">      <Filter>Mundo</Filter>     </ClCompile>
    <ClCompile Include="src\posicion.cpp">     <Filter>Mundo</Filter>     </ClCompile>
    <ClCompile Include="src\turno.cpp">        <Filter>Mundo</Filter>     </ClCompile>
    <ClCompile Include="src\Arena.cpp">        <Filter>Arena</Filter>     </ClCompile>
    <ClCompile Include="src\Obstaculo.cpp">    <Filter>Arena</Filter>     </ClCompile>
    <ClCompile Include="src\Proyectil.cpp">    <Filter>Arena</Filter>     </ClCompile>
    <ClCompile Include="src\pelota.cpp">       <Filter>Arena</Filter>     </ClCompile>
    <ClCompile Include="src\coordinador.cpp">  <Filter>Sistema</Filter>   </ClCompile>
    <ClCompile Include="src\main.cpp">         <Filter>Sistema</Filter>   </ClCompile>
    <ClCompile Include="src\ranking.cpp">      <Filter>Sistema</Filter>   </ClCompile>
    <ClCompile Include="src\ia.cpp">           <Filter>Sistema</Filter>   </ClCompile>
    <ClCompile Include="src\equipo.cpp">       <Filter>Sistema</Filter>   </ClCompile>
    <ClCompile Include="src\boton.cpp">        <Filter>Interfaz</Filter>  </ClCompile>
    <ClCompile Include="src\campotexto.cpp"> <Filter>Interfaz</Filter>  </ClCompile>
    <ClCompile Include="src\vistaJugador.cpp"> <Filter>Interfaz</Filter>  </ClCompile>
    <ClCompile Include="src\conjuros.cpp">     <Filter>Conjuros</Filter>  </ClCompile>
    <ClCompile Include="src\pantallareglas.cpp"> <Filter>Pantallas</Filter> </ClCompile>
    <ClCompile Include="src\pantallacombate.cpp"><Filter>Pantallas</Filter> </ClCompile>
  </ItemGroup>
  <ItemGroup>
    <ClInclude Include="src\jugador.h">        <Filter>Jugadores</Filter> </ClInclude>
    <ClInclude Include="src\central.h">        <Filter>Jugadores</Filter> </ClInclude>
    <ClInclude Include="src\centrocampista.h"> <Filter>Jugadores</Filter> </ClInclude>
    <ClInclude Include="src\delantero.h">      <Filter>Jugadores</Filter> </ClInclude>
    <ClInclude Include="src\extremo.h">        <Filter>Jugadores</Filter> </ClInclude>
    <ClInclude Include="src\lateral.h">        <Filter>Jugadores</Filter> </ClInclude>
    <ClInclude Include="src\mediapunta.h">     <Filter>Jugadores</Filter> </ClInclude>
    <ClInclude Include="src\portero.h">        <Filter>Jugadores</Filter> </ClInclude>
    <ClInclude Include="src\entrenador.h">     <Filter>Jugadores</Filter> </ClInclude>
    <ClInclude Include="src\terrestre.h">      <Filter>Tipos</Filter>     </ClInclude>
    <ClInclude Include="src\volador.h">        <Filter>Tipos</Filter>     </ClInclude>
    <ClInclude Include="src\hechicero.h">      <Filter>Tipos</Filter>     </ClInclude>
    <ClInclude Include="src\mundo.h">          <Filter>Mundo</Filter>     </ClInclude>
    <ClInclude Include="src\tablero.h">        <Filter>Mundo</Filter>     </ClInclude>
    <ClInclude Include="src\casilla.h">        <Filter>Mundo</Filter>     </ClInclude>
    <ClInclude Include="src\posicion.h">       <Filter>Mundo</Filter>     </ClInclude>
    <ClInclude Include="src\turno.h">          <Filter>Mundo</Filter>     </ClInclude>
    <ClInclude Include="src\grid.h">           <Filter>Mundo</Filter>     </ClInclude>
    <ClInclude Include="src\Arena.h">          <Filter>Arena</Filter>     </ClInclude>
    <ClInclude Include="src\Obstaculo.h">      <Filter>Arena</Filter>     </ClInclude>
    <ClInclude Include="src\Proyectil.h">      <Filter>Arena</Filter>     </ClInclude>
    <ClInclude Include="src\pelota.h">         <Filter>Arena</Filter>     </ClInclude>
    <ClInclude Include="src\coordinador.h">    <Filter>Sistema</Filter>   </ClInclude>
    <ClInclude Include="src\ranking.h">        <Filter>Sistema</Filter>   </ClInclude>
    <ClInclude Include="src\ia.h">             <Filter>Sistema</Filter>   </ClInclude>
    <ClInclude Include="src\equipo.h">         <Filter>Sistema</Filter>   </ClInclude>
    <ClInclude Include="src\boton.h">          <Filter>Interfaz</Filter>  </ClInclude>
    <ClInclude Include="src\campotexto.h">     <Filter>Interfaz</Filter>  </ClInclude>
    <ClInclude Include="src\vistaJugador.h">   <Filter>Interfaz</Filter>  </ClInclude>
    <ClInclude Include="src\conjuro.h">        <Filter>Conjuros</Filter>  </ClInclude>
    <ClInclude Include="src\teletransportador.h"><Filter>Conjuros</Filter></ClInclude>
    <ClInclude Include="src\contexto.h">        <Filter>Pantallas</Filter> </ClInclude>
    <ClInclude Include="src\pantalla.h">        <Filter>Pantallas</Filter> </ClInclude>
    <ClInclude Include="src\pantallainicio.h">  <Filter>Pantallas</Filter> </ClInclude>
    <ClInclude Include="src\pantallareglas.h">  <Filter>Pantallas</Filter> </ClInclude>
    <ClInclude Include="src\pantallanombres.h"> <Filter>Pantallas</Filter> </ClInclude>
    <ClInclude Include="src\pantallajuego.h">   <Filter>Pantallas</Filter> </ClInclude>
    <ClInclude Include="src\pantallacombate.h"> <Filter>Pantallas</Filter> </ClInclude>
    <ClInclude Include="src\pantallafin.h">     <Filter>Pantallas</Filter> </ClInclude>
    <ClInclude Include="src\pantallaranking.h"> <Filter>Pantallas</Filter> </ClInclude>
  </ItemGroup>
</Project>
